{
  "version": 1,
  "dependencies": {
    ".NETFramework,Version=v4.7.2": {
      "Krafs.Rimworld.Ref": {
        "type": "Direct",
        "requested": "[1.6.4871, )",
        "resolved": "1.6.4871",
        "contentHash": "aKebbihZfq47VI9UgyEdrnYslEDeMK3l9+QwC21zL6noJCOLlr5D4+jvhP/F5UA9q+9YVkuTx3NH3eJ03/ivlA=="
      },
      "Microsoft.Data.Sqlite.Core": {
        "type": "Direct",
        "requested": "[8.0.*, )",
        "resolved": "8.0.29",
        "contentHash": "B/7Z0la03kNVdmZtgSN/PocA2nsPiVUq56iCh25oW8W31Yzg1ofrMWy79i0DcDOXuHjy7+jlsUlSNytwe9Et5A==",
        "dependencies": {
          "SQLitePCLRaw.core": "2.1.6"
        }
      },
      "SQLitePCLRaw.core": {
        "type": "Direct",
        "requested": "[2.1.*, )",
        "resolved": "2.1.12",
        "contentHash": "ETpNw9DY3ckWLgRRAeCHj+GKOuPi61aeczkXhgHexUvqoZBAYg8RYESE2J7O1M7+o6QbdSEZwrw9bfqztUVWXg==",
        "dependencies": {
          "System.Memory": "4.5.3"
        }
      },
      "SQLitePCLRaw.lib.e_sqlite3": {
        "type": "Direct",
        "requested": "[2.1.*, )",
        "resolved": "2.1.12",
        "contentHash": "fWi8Dbknuhgg72fWinIdjXVaqO1hHL4YBBwVLnr7e1c9TAZwJ0QE38j9syW1hwx6HaqEVTwI+O07WPdZn8Rp0w=="
      },
      "SQLitePCLRaw.provider.dynamic_cdecl": {
        "type": "Direct",
        "requested": "[2.1.*, )",
        "resolved": "2.1.12",
        "contentHash": "13p8v7G8YXOaDah2E4uhf4zVj1rgWGxOCG2c8EBGQuP7jb+MKO1lZ/mrpP6UTCZq+aS+J56JhmPwxnv/Pc01RA==",
        "dependencies": {
          "SQLitePCLRaw.core": "2.1.12"
        }
      },
      "System.Buffers": {
        "type": "Transitive",
        "resolved": "4.4.0",
        "contentHash": "AwarXzzoDwX6BgrhjoJsk6tUezZEozOT5Y9QKF94Gl4JK91I4PIIBkBco9068Y9/Dra8Dkbie99kXB8+1BaYKw=="
      },
      "System.Memory": {
        "type": "Transitive",
        "resolved": "4.5.3",
        "contentHash": "3oDzvc/zzetpTKWMShs1AADwZjQ/36HnsufHRPcOjyRAAMLDlu2iD33MBI2opxnezcVUtXyqDXXjoFMOU9c7SA==",
        "dependencies": {
          "System.Buffers": "4.4.0",
          "System.Numerics.Vectors": "4.4.0",
          "System.Runtime.CompilerServices.Unsafe": "4.5.2"
        }
      },
      "System.Numerics.Vectors": {
        "type": "Transitive",
        "resolved": "4.4.0",
        "contentHash": "UiLzLW+Lw6HLed1Hcg+8jSRttrbuXv7DANVj0DkL9g6EnnzbL75EB7EWsw5uRbhxd/4YdG8li5XizGWepmG3PQ=="
      },
      "System.Runtime.CompilerServices.Unsafe": {
        "type": "Transitive",
        "resolved": "4.5.2",
        "contentHash": "wprSFgext8cwqymChhrBLu62LMg/1u92bU+VOwyfBimSPVFXtsNqEWC92Pf9ofzJFlk4IHmJA75EDJn1b2goAQ=="
      }
    }
  }
}